// !$*UTF8*$!
{
	archiveVersion = 1;
	classes = {
	};
	objectVersion = 51;
	objects = {

/* Begin PBXBuildFile section */
		0D0C2750488461F9718D7D37 /* Pods_Celf.framework in Frameworks */ = {isa = PBXBuildFile; fileRef = 79D568A486DBFF5170AFE0E1 /* Pods_Celf.framework */; };
		D924145424FEB1C200434274 /* DayCardView.swift in Sources */ = {isa = PBXBuildFile; fileRef = D924145324FEB1C200434274 /* DayCardView.swift */; };
		D924145624FEDC5C00434274 /* BadgeInDayView.swift in Sources */ = {isa = PBXBuildFile; fileRef = D924145524FEDC5C00434274 /* BadgeInDayView.swift */; };
		D924145824FEDCB700434274 /* JournalEntryView.swift in Sources */ = {isa = PBXBuildFile; fileRef = D924145724FEDCB700434274 /* JournalEntryView.swift */; };
		D924145A24FF26B300434274 /* DayCard.swift in Sources */ = {isa = PBXBuildFile; fileRef = D924145924FF26B300434274 /* DayCard.swift */; };
		D924145C24FF434800434274 /* DayCardViewManager.swift in Sources */ = {isa = PBXBuildFile; fileRef = D924145B24FF434800434274 /* DayCardViewManager.swift */; };
		D924145E24FF437D00434274 /* EventCardViewManager.swift in Sources */ = {isa = PBXBuildFile; fileRef = D924145D24FF437D00434274 /* EventCardViewManager.swift */; };
		D924146024FF441500434274 /* JournalEntry.swift in Sources */ = {isa = PBXBuildFile; fileRef = D924145F24FF441500434274 /* JournalEntry.swift */; };
		D924146224FF44E400434274 /* Badge.swift in Sources */ = {isa = PBXBuildFile; fileRef = D924146124FF44E400434274 /* Badge.swift */; };
		D9867CE124FF6AE80085765E /* EventCardView.swift in Sources */ = {isa = PBXBuildFile; fileRef = D9867CE024FF6AE80085765E /* EventCardView.swift */; };
		D98690FC24FE09D80073CC1B /* RegisterView.swift in Sources */ = {isa = PBXBuildFile; fileRef = D98690FB24FE09D80073CC1B /* RegisterView.swift */; };
		D98690FE24FE128E0073CC1B /* BottomBarView.swift in Sources */ = {isa = PBXBuildFile; fileRef = D98690FD24FE128E0073CC1B /* BottomBarView.swift */; };
		D9A6D6CD24FEB06A0013A0F9 /* HomeView.swift in Sources */ = {isa = PBXBuildFile; fileRef = D9A6D6CC24FEB06A0013A0F9 /* HomeView.swift */; };
		D9ABF97324FD804000C7142C /* AppDelegate.swift in Sources */ = {isa = PBXBuildFile; fileRef = D9ABF97224FD804000C7142C /* AppDelegate.swift */; };
		D9ABF97524FD804000C7142C /* SceneDelegate.swift in Sources */ = {isa = PBXBuildFile; fileRef = D9ABF97424FD804000C7142C /* SceneDelegate.swift */; };
		D9ABF97724FD804000C7142C /* WelcomeView.swift in Sources */ = {isa = PBXBuildFile; fileRef = D9ABF97624FD804000C7142C /* WelcomeView.swift */; };
		D9ABF97924FD804100C7142C /* Assets.xcassets in Resources */ = {isa = PBXBuildFile; fileRef = D9ABF97824FD804100C7142C /* Assets.xcassets */; };
		D9ABF97C24FD804100C7142C /* Preview Assets.xcassets in Resources */ = {isa = PBXBuildFile; fileRef = D9ABF97B24FD804100C7142C /* Preview Assets.xcassets */; };
		D9ABF97F24FD804100C7142C /* LaunchScreen.storyboard in Resources */ = {isa = PBXBuildFile; fileRef = D9ABF97D24FD804100C7142C /* LaunchScreen.storyboard */; };
		D9ABF98724FD87A500C7142C /* K.swift in Sources */ = {isa = PBXBuildFile; fileRef = D9ABF98624FD87A500C7142C /* K.swift */; };
		D9ABF98B24FDA30500C7142C /* CustomButtonView.swift in Sources */ = {isa = PBXBuildFile; fileRef = D9ABF98A24FDA30500C7142C /* CustomButtonView.swift */; };
		D9ABF98D24FDA36D00C7142C /* QuoteSpeakerView.swift in Sources */ = {isa = PBXBuildFile; fileRef = D9ABF98C24FDA36D00C7142C /* QuoteSpeakerView.swift */; };
		D9ABF99024FDB0B400C7142C /* Quote.swift in Sources */ = {isa = PBXBuildFile; fileRef = D9ABF98F24FDB0B400C7142C /* Quote.swift */; };
		D9ABF99224FDB0C200C7142C /* QuoteManager.swift in Sources */ = {isa = PBXBuildFile; fileRef = D9ABF99124FDB0C200C7142C /* QuoteManager.swift */; };
		D9ABF99424FDC9FA00C7142C /* LoginView.swift in Sources */ = {isa = PBXBuildFile; fileRef = D9ABF99324FDC9FA00C7142C /* LoginView.swift */; };
/* End PBXBuildFile section */

/* Begin PBXFileReference section */
		0DF915B404DFE076177D92AA /* Pods-Celf.release.xcconfig */ = {isa = PBXFileReference; includeInIndex = 1; lastKnownFileType = text.xcconfig; name = "Pods-Celf.release.xcconfig"; path = "Target Support Files/Pods-Celf/Pods-Celf.release.xcconfig"; sourceTree = "<group>"; };
		73F863814DBCB98B4DF21DAC /* Pods-Celf.debug.xcconfig */ = {isa = PBXFileReference; includeInIndex = 1; lastKnownFileType = text.xcconfig; name = "Pods-Celf.debug.xcconfig"; path = "Target Support Files/Pods-Celf/Pods-Celf.debug.xcconfig"; sourceTree = "<group>"; };
		79D568A486DBFF5170AFE0E1 /* Pods_Celf.framework */ = {isa = PBXFileReference; explicitFileType = wrapper.framework; includeInIndex = 0; path = Pods_Celf.framework; sourceTree = BUILT_PRODUCTS_DIR; };
		D924145324FEB1C200434274 /* DayCardView.swift */ = {isa = PBXFileReference; lastKnownFileType = sourcecode.swift; path = DayCardView.swift; sourceTree = "<group>"; };
		D924145524FEDC5C00434274 /* BadgeInDayView.swift */ = {isa = PBXFileReference; lastKnownFileType = sourcecode.swift; path = BadgeInDayView.swift; sourceTree = "<group>"; };
		D924145724FEDCB700434274 /* JournalEntryView.swift */ = {isa = PBXFileReference; lastKnownFileType = sourcecode.swift; path = JournalEntryView.swift; sourceTree = "<group>"; };
		D924145924FF26B300434274 /* DayCard.swift */ = {isa = PBXFileReference; lastKnownFileType = sourcecode.swift; path = DayCard.swift; sourceTree = "<group>"; };
		D924145B24FF434800434274 /* DayCardViewManager.swift */ = {isa = PBXFileReference; lastKnownFileType = sourcecode.swift; path = DayCardViewManager.swift; sourceTree = "<group>"; };
		D924145D24FF437D00434274 /* EventCardViewManager.swift */ = {isa = PBXFileReference; lastKnownFileType = sourcecode.swift; path = EventCardViewManager.swift; sourceTree = "<group>"; };
		D924145F24FF441500434274 /* JournalEntry.swift */ = {isa = PBXFileReference; lastKnownFileType = sourcecode.swift; path = JournalEntry.swift; sourceTree = "<group>"; };
		D924146124FF44E400434274 /* Badge.swift */ = {isa = PBXFileReference; lastKnownFileType = sourcecode.swift; path = Badge.swift; sourceTree = "<group>"; };
		D9867CE024FF6AE80085765E /* EventCardView.swift */ = {isa = PBXFileReference; lastKnownFileType = sourcecode.swift; path = EventCardView.swift; sourceTree = "<group>"; };
		D98690FB24FE09D80073CC1B /* RegisterView.swift */ = {isa = PBXFileReference; lastKnownFileType = sourcecode.swift; path = RegisterView.swift; sourceTree = "<group>"; };
		D98690FD24FE128E0073CC1B /* BottomBarView.swift */ = {isa = PBXFileReference; lastKnownFileType = sourcecode.swift; path = BottomBarView.swift; sourceTree = "<group>"; };
		D9A6D6CC24FEB06A0013A0F9 /* HomeView.swift */ = {isa = PBXFileReference; lastKnownFileType = sourcecode.swift; path = HomeView.swift; sourceTree = "<group>"; };
		D9ABF96F24FD804000C7142C /* Celf.app */ = {isa = PBXFileReference; explicitFileType = wrapper.application; includeInIndex = 0; path = Celf.app; sourceTree = BUILT_PRODUCTS_DIR; };
		D9ABF97224FD804000C7142C /* AppDelegate.swift */ = {isa = PBXFileReference; lastKnownFileType = sourcecode.swift; path = AppDelegate.swift; sourceTree = "<group>"; };
		D9ABF97424FD804000C7142C /* SceneDelegate.swift */ = {isa = PBXFileReference; lastKnownFileType = sourcecode.swift; path = SceneDelegate.swift; sourceTree = "<group>"; };
		D9ABF97624FD804000C7142C /* WelcomeView.swift */ = {isa = PBXFileReference; lastKnownFileType = sourcecode.swift; path = WelcomeView.swift; sourceTree = "<group>"; xcLanguageSpecificationIdentifier = xcode.lang.swift; };
		D9ABF97824FD804100C7142C /* Assets.xcassets */ = {isa = PBXFileReference; lastKnownFileType = folder.assetcatalog; path = Assets.xcassets; sourceTree = "<group>"; };
		D9ABF97B24FD804100C7142C /* Preview Assets.xcassets */ = {isa = PBXFileReference; lastKnownFileType = folder.assetcatalog; path = "Preview Assets.xcassets"; sourceTree = "<group>"; };
		D9ABF97E24FD804100C7142C /* Base */ = {isa = PBXFileReference; lastKnownFileType = file.storyboard; name = Base; path = Base.lproj/LaunchScreen.storyboard; sourceTree = "<group>"; };
		D9ABF98024FD804100C7142C /* Info.plist */ = {isa = PBXFileReference; lastKnownFileType = text.plist.xml; path = Info.plist; sourceTree = "<group>"; };
		D9ABF98624FD87A500C7142C /* K.swift */ = {isa = PBXFileReference; lastKnownFileType = sourcecode.swift; path = K.swift; sourceTree = "<group>"; };
		D9ABF98A24FDA30500C7142C /* CustomButtonView.swift */ = {isa = PBXFileReference; lastKnownFileType = sourcecode.swift; path = CustomButtonView.swift; sourceTree = "<group>"; };
		D9ABF98C24FDA36D00C7142C /* QuoteSpeakerView.swift */ = {isa = PBXFileReference; lastKnownFileType = sourcecode.swift; path = QuoteSpeakerView.swift; sourceTree = "<group>"; };
		D9ABF98F24FDB0B400C7142C /* Quote.swift */ = {isa = PBXFileReference; lastKnownFileType = sourcecode.swift; path = Quote.swift; sourceTree = "<group>"; };
		D9ABF99124FDB0C200C7142C /* QuoteManager.swift */ = {isa = PBXFileReference; lastKnownFileType = sourcecode.swift; path = QuoteManager.swift; sourceTree = "<group>"; };
		D9ABF99324FDC9FA00C7142C /* LoginView.swift */ = {isa = PBXFileReference; lastKnownFileType = sourcecode.swift; path = LoginView.swift; sourceTree = "<group>"; };
/* End PBXFileReference section */

/* Begin PBXFrameworksBuildPhase section */
		D9ABF96C24FD804000C7142C /* Frameworks */ = {
			isa = PBXFrameworksBuildPhase;
			buildActionMask = 2147483647;
			files = (
				0D0C2750488461F9718D7D37 /* Pods_Celf.framework in Frameworks */,
			);
			runOnlyForDeploymentPostprocessing = 0;
		};
/* End PBXFrameworksBuildPhase section */

/* Begin PBXGroup section */
		313B9A5CD621914EB160A758 /* Frameworks */ = {
			isa = PBXGroup;
			children = (
				79D568A486DBFF5170AFE0E1 /* Pods_Celf.framework */,
			);
			name = Frameworks;
			sourceTree = "<group>";
		};
		57D163D7D7DE4D58027607E7 /* Pods */ = {
			isa = PBXGroup;
			children = (
				73F863814DBCB98B4DF21DAC /* Pods-Celf.debug.xcconfig */,
				0DF915B404DFE076177D92AA /* Pods-Celf.release.xcconfig */,
			);
			path = Pods;
			sourceTree = "<group>";
		};
		D9ABF96624FD804000C7142C = {
			isa = PBXGroup;
			children = (
				D9ABF97124FD804000C7142C /* Celf */,
				D9ABF97024FD804000C7142C /* Products */,
				57D163D7D7DE4D58027607E7 /* Pods */,
				313B9A5CD621914EB160A758 /* Frameworks */,
			);
			sourceTree = "<group>";
		};
		D9ABF97024FD804000C7142C /* Products */ = {
			isa = PBXGroup;
			children = (
				D9ABF96F24FD804000C7142C /* Celf.app */,
			);
			name = Products;
			sourceTree = "<group>";
		};
		D9ABF97124FD804000C7142C /* Celf */ = {
			isa = PBXGroup;
			children = (
				D9ABF98E24FDA5F000C7142C /* model */,
				D9ABF98924FD9EAE00C7142C /* view */,
				D9ABF97224FD804000C7142C /* AppDelegate.swift */,
				D9ABF97424FD804000C7142C /* SceneDelegate.swift */,
				D9ABF97824FD804100C7142C /* Assets.xcassets */,
				D9ABF98624FD87A500C7142C /* K.swift */,
				D9ABF97D24FD804100C7142C /* LaunchScreen.storyboard */,
				D9ABF98024FD804100C7142C /* Info.plist */,
				D9ABF97A24FD804100C7142C /* Preview Content */,
			);
			path = Celf;
			sourceTree = "<group>";
		};
		D9ABF97A24FD804100C7142C /* Preview Content */ = {
			isa = PBXGroup;
			children = (
				D9ABF97B24FD804100C7142C /* Preview Assets.xcassets */,
			);
			path = "Preview Content";
			sourceTree = "<group>";
		};
		D9ABF98924FD9EAE00C7142C /* view */ = {
			isa = PBXGroup;
			children = (
				D9ABF98A24FDA30500C7142C /* CustomButtonView.swift */,
				D9ABF99324FDC9FA00C7142C /* LoginView.swift */,
				D9ABF97624FD804000C7142C /* WelcomeView.swift */,
				D9ABF98C24FDA36D00C7142C /* QuoteSpeakerView.swift */,
				D98690FB24FE09D80073CC1B /* RegisterView.swift */,
				D98690FD24FE128E0073CC1B /* BottomBarView.swift */,
				D9A6D6CC24FEB06A0013A0F9 /* HomeView.swift */,
				D924145324FEB1C200434274 /* DayCardView.swift */,
				D924145524FEDC5C00434274 /* BadgeInDayView.swift */,
				D924145724FEDCB700434274 /* JournalEntryView.swift */,
				D9867CE024FF6AE80085765E /* EventCardView.swift */,
			);
			path = view;
			sourceTree = "<group>";
		};
		D9ABF98E24FDA5F000C7142C /* model */ = {
			isa = PBXGroup;
			children = (
				D9ABF98F24FDB0B400C7142C /* Quote.swift */,
				D9ABF99124FDB0C200C7142C /* QuoteManager.swift */,
				D924145B24FF434800434274 /* DayCardViewManager.swift */,
				D924145D24FF437D00434274 /* EventCardViewManager.swift */,
				D924145924FF26B300434274 /* DayCard.swift */,
				D924145F24FF441500434274 /* JournalEntry.swift */,
				D924146124FF44E400434274 /* Badge.swift */,
			);
			path = model;
			sourceTree = "<group>";
		};
/* End PBXGroup section */

/* Begin PBXNativeTarget section */
		D9ABF96E24FD804000C7142C /* Celf */ = {
			isa = PBXNativeTarget;
			buildConfigurationList = D9ABF98324FD804100C7142C /* Build configuration list for PBXNativeTarget "Celf" */;
			buildPhases = (
				A43ED45542DC1080711A5091 /* [CP] Check Pods Manifest.lock */,
				D9ABF96B24FD804000C7142C /* Sources */,
				D9ABF96C24FD804000C7142C /* Frameworks */,
				D9ABF96D24FD804000C7142C /* Resources */,
				263C3C12811D0A08F47F129D /* [CP] Embed Pods Frameworks */,
			);
			buildRules = (
			);
			dependencies = (
			);
			name = Celf;
			productName = Celf;
			productReference = D9ABF96F24FD804000C7142C /* Celf.app */;
			productType = "com.apple.product-type.application";
		};
/* End PBXNativeTarget section */

/* Begin PBXProject section */
		D9ABF96724FD804000C7142C /* Project object */ = {
			isa = PBXProject;
			attributes = {
				LastSwiftUpdateCheck = 1160;
				LastUpgradeCheck = 1160;
				ORGANIZATIONNAME = "Christopher Holmes";
				TargetAttributes = {
					D9ABF96E24FD804000C7142C = {
						CreatedOnToolsVersion = 11.6;
					};
				};
			};
			buildConfigurationList = D9ABF96A24FD804000C7142C /* Build configuration list for PBXProject "Celf" */;
			compatibilityVersion = "Xcode 9.3";
			developmentRegion = en;
			hasScannedForEncodings = 0;
			knownRegions = (
				en,
				Base,
			);
			mainGroup = D9ABF96624FD804000C7142C;
			productRefGroup = D9ABF97024FD804000C7142C /* Products */;
			projectDirPath = "";
			projectRoot = "";
			targets = (
				D9ABF96E24FD804000C7142C /* Celf */,
			);
		};
/* End PBXProject section */

/* Begin PBXResourcesBuildPhase section */
		D9ABF96D24FD804000C7142C /* Resources */ = {
			isa = PBXResourcesBuildPhase;
			buildActionMask = 2147483647;
			files = (
				D9ABF97F24FD804100C7142C /* LaunchScreen.storyboard in Resources */,
				D9ABF97C24FD804100C7142C /* Preview Assets.xcassets in Resources */,
				D9ABF97924FD804100C7142C /* Assets.xcassets in Resources */,
			);
			runOnlyForDeploymentPostprocessing = 0;
		};
/* End PBXResourcesBuildPhase section */

/* Begin PBXShellScriptBuildPhase section */
		263C3C12811D0A08F47F129D /* [CP] Embed Pods Frameworks */ = {
			isa = PBXShellScriptBuildPhase;
			buildActionMask = 2147483647;
			files = (
			);
			inputFileListPaths = (
				"${PODS_ROOT}/Target Support Files/Pods-Celf/Pods-Celf-frameworks-${CONFIGURATION}-input-files.xcfilelist",
			);
			name = "[CP] Embed Pods Frameworks";
			outputFileListPaths = (
				"${PODS_ROOT}/Target Support Files/Pods-Celf/Pods-Celf-frameworks-${CONFIGURATION}-output-files.xcfilelist",
			);
			runOnlyForDeploymentPostprocessing = 0;
			shellPath = /bin/sh;
			shellScript = "\"${PODS_ROOT}/Target Support Files/Pods-Celf/Pods-Celf-frameworks.sh\"\n";
			showEnvVarsInLog = 0;
		};
		A43ED45542DC1080711A5091 /* [CP] Check Pods Manifest.lock */ = {
			isa = PBXShellScriptBuildPhase;
			buildActionMask = 2147483647;
			files = (
			);
			inputFileListPaths = (
			);
			inputPaths = (
				"${PODS_PODFILE_DIR_PATH}/Podfile.lock",
				"${PODS_ROOT}/Manifest.lock",
			);
			name = "[CP] Check Pods Manifest.lock";
			outputFileListPaths = (
			);
			outputPaths = (
				"$(DERIVED_FILE_DIR)/Pods-Celf-checkManifestLockResult.txt",
			);
			runOnlyForDeploymentPostprocessing = 0;
			shellPath = /bin/sh;
			shellScript = "diff \"${PODS_PODFILE_DIR_PATH}/Podfile.lock\" \"${PODS_ROOT}/Manifest.lock\" > /dev/null\nif [ $? != 0 ] ; then\n    # print error to STDERR\n    echo \"error: The sandbox is not in sync with the Podfile.lock. Run 'pod install' or update your CocoaPods installation.\" >&2\n    exit 1\nfi\n# This output is used by Xcode 'outputs' to avoid re-running this script phase.\necho \"SUCCESS\" > \"${SCRIPT_OUTPUT_FILE_0}\"\n";
			showEnvVarsInLog = 0;
		};
/* End PBXShellScriptBuildPhase section */

/* Begin PBXSourcesBuildPhase section */
		D9ABF96B24FD804000C7142C /* Sources */ = {
			isa = PBXSourcesBuildPhase;
			buildActionMask = 2147483647;
			files = (
				D9867CE124FF6AE80085765E /* EventCardView.swift in Sources */,
				D924145624FEDC5C00434274 /* BadgeInDayView.swift in Sources */,
				D924146224FF44E400434274 /* Badge.swift in Sources */,
				D9ABF98B24FDA30500C7142C /* CustomButtonView.swift in Sources */,
				D924145C24FF434800434274 /* DayCardViewManager.swift in Sources */,
				D98690FC24FE09D80073CC1B /* RegisterView.swift in Sources */,
				D9ABF98D24FDA36D00C7142C /* QuoteSpeakerView.swift in Sources */,
				D9ABF97324FD804000C7142C /* AppDelegate.swift in Sources */,
				D924146024FF441500434274 /* JournalEntry.swift in Sources */,
				D9ABF99424FDC9FA00C7142C /* LoginView.swift in Sources */,
				D924145824FEDCB700434274 /* JournalEntryView.swift in Sources */,
				D98690FE24FE128E0073CC1B /* BottomBarView.swift in Sources */,
				D9ABF98724FD87A500C7142C /* K.swift in Sources */,
				D924145A24FF26B300434274 /* DayCard.swift in Sources */,
				D9ABF97524FD804000C7142C /* SceneDelegate.swift in Sources */,
				D9ABF99024FDB0B400C7142C /* Quote.swift in Sources */,
				D9A6D6CD24FEB06A0013A0F9 /* HomeView.swift in Sources */,
				D9ABF99224FDB0C200C7142C /* QuoteManager.swift in Sources */,
				D924145E24FF437D00434274 /* EventCardViewManager.swift in Sources */,
				D924145424FEB1C200434274 /* DayCardView.swift in Sources */,
				D9ABF97724FD804000C7142C /* WelcomeView.swift in Sources */,
			);
			runOnlyForDeploymentPostprocessing = 0;
		};
/* End PBXSourcesBuildPhase section */

/* Begin PBXVariantGroup section */
		D9ABF97D24FD804100C7142C /* LaunchScreen.storyboard */ = {
			isa = PBXVariantGroup;
			children = (
				D9ABF97E24FD804100C7142C /* Base */,
			);
			name = LaunchScreen.storyboard;
			sourceTree = "<group>";
		};
/* End PBXVariantGroup section */

/* Begin XCBuildConfiguration section */
		D9ABF98124FD804100C7142C /* Debug */ = {
			isa = XCBuildConfiguration;
			buildSettings = {
				ALWAYS_SEARCH_USER_PATHS = NO;
				CLANG_ANALYZER_NONNULL = YES;
				CLANG_ANALYZER_NUMBER_OBJECT_CONVERSION = YES_AGGRESSIVE;
				CLANG_CXX_LANGUAGE_STANDARD = "gnu++14";
				CLANG_CXX_LIBRARY = "libc++";
				CLANG_ENABLE_MODULES = YES;
				CLANG_ENABLE_OBJC_ARC = YES;
				CLANG_ENABLE_OBJC_WEAK = YES;
				CLANG_WARN_BLOCK_CAPTURE_AUTORELEASING = YES;
				CLANG_WARN_BOOL_CONVERSION = YES;
				CLANG_WARN_COMMA = YES;
				CLANG_WARN_CONSTANT_CONVERSION = YES;
				CLANG_WARN_DEPRECATED_OBJC_IMPLEMENTATIONS = YES;
				CLANG_WARN_DIRECT_OBJC_ISA_USAGE = YES_ERROR;
				CLANG_WARN_DOCUMENTATION_COMMENTS = YES;
				CLANG_WARN_EMPTY_BODY = YES;
				CLANG_WARN_ENUM_CONVERSION = YES;
				CLANG_WARN_INFINITE_RECURSION = YES;
				CLANG_WARN_INT_CONVERSION = YES;
				CLANG_WARN_NON_LITERAL_NULL_CONVERSION = YES;
				CLANG_WARN_OBJC_IMPLICIT_RETAIN_SELF = YES;
				CLANG_WARN_OBJC_LITERAL_CONVERSION = YES;
				CLANG_WARN_OBJC_ROOT_CLASS = YES_ERROR;
				CLANG_WARN_RANGE_LOOP_ANALYSIS = YES;
				CLANG_WARN_STRICT_PROTOTYPES = YES;
				CLANG_WARN_SUSPICIOUS_MOVE = YES;
				CLANG_WARN_UNGUARDED_AVAILABILITY = YES_AGGRESSIVE;
				CLANG_WARN_UNREACHABLE_CODE = YES;
				CLANG_WARN__DUPLICATE_METHOD_MATCH = YES;
				COPY_PHASE_STRIP = NO;
				DEBUG_INFORMATION_FORMAT = dwarf;
				ENABLE_STRICT_OBJC_MSGSEND = YES;
				ENABLE_TESTABILITY = YES;
				GCC_C_LANGUAGE_STANDARD = gnu11;
				GCC_DYNAMIC_NO_PIC = NO;
				GCC_NO_COMMON_BLOCKS = YES;
				GCC_OPTIMIZATION_LEVEL = 0;
				GCC_PREPROCESSOR_DEFINITIONS = (
					"DEBUG=1",
					"$(inherited)",
				);
				GCC_WARN_64_TO_32_BIT_CONVERSION = YES;
				GCC_WARN_ABOUT_RETURN_TYPE = YES_ERROR;
				GCC_WARN_UNDECLARED_SELECTOR = YES;
				GCC_WARN_UNINITIALIZED_AUTOS = YES_AGGRESSIVE;
				GCC_WARN_UNUSED_FUNCTION = YES;
				GCC_WARN_UNUSED_VARIABLE = YES;
				IPHONEOS_DEPLOYMENT_TARGET = 13.6;
				MTL_ENABLE_DEBUG_INFO = INCLUDE_SOURCE;
				MTL_FAST_MATH = YES;
				ONLY_ACTIVE_ARCH = YES;
				SDKROOT = iphoneos;
				SWIFT_ACTIVE_COMPILATION_CONDITIONS = DEBUG;
				SWIFT_OPTIMIZATION_LEVEL = "-Onone";
			};
			name = Debug;
		};
		D9ABF98224FD804100C7142C /* Release */ = {
			isa = XCBuildConfiguration;
			buildSettings = {
				ALWAYS_SEARCH_USER_PATHS = NO;
				CLANG_ANALYZER_NONNULL = YES;
				CLANG_ANALYZER_NUMBER_OBJECT_CONVERSION = YES_AGGRESSIVE;
				CLANG_CXX_LANGUAGE_STANDARD = "gnu++14";
				CLANG_CXX_LIBRARY = "libc++";
				CLANG_ENABLE_MODULES = YES;
				CLANG_ENABLE_OBJC_ARC = YES;
				CLANG_ENABLE_OBJC_WEAK = YES;
				CLANG_WARN_BLOCK_CAPTURE_AUTORELEASING = YES;
				CLANG_WARN_BOOL_CONVERSION = YES;
				CLANG_WARN_COMMA = YES;
				CLANG_WARN_CONSTANT_CONVERSION = YES;
				CLANG_WARN_DEPRECATED_OBJC_IMPLEMENTATIONS = YES;
				CLANG_WARN_DIRECT_OBJC_ISA_USAGE = YES_ERROR;
				CLANG_WARN_DOCUMENTATION_COMMENTS = YES;
				CLANG_WARN_EMPTY_BODY = YES;
				CLANG_WARN_ENUM_CONVERSION = YES;
				CLANG_WARN_INFINITE_RECURSION = YES;
				CLANG_WARN_INT_CONVERSION = YES;
				CLANG_WARN_NON_LITERAL_NULL_CONVERSION = YES;
				CLANG_WARN_OBJC_IMPLICIT_RETAIN_SELF = YES;
				CLANG_WARN_OBJC_LITERAL_CONVERSION = YES;
				CLANG_WARN_OBJC_ROOT_CLASS = YES_ERROR;
				CLANG_WARN_RANGE_LOOP_ANALYSIS = YES;
				CLANG_WARN_STRICT_PROTOTYPES = YES;
				CLANG_WARN_SUSPICIOUS_MOVE = YES;
				CLANG_WARN_UNGUARDED_AVAILABILITY = YES_AGGRESSIVE;
				CLANG_WARN_UNREACHABLE_CODE = YES;
				CLANG_WARN__DUPLICATE_METHOD_MATCH = YES;
				COPY_PHASE_STRIP = NO;
				DEBUG_INFORMATION_FORMAT = "dwarf-with-dsym";
				ENABLE_NS_ASSERTIONS = NO;
				ENABLE_STRICT_OBJC_MSGSEND = YES;
				GCC_C_LANGUAGE_STANDARD = gnu11;
				GCC_NO_COMMON_BLOCKS = YES;
				GCC_WARN_64_TO_32_BIT_CONVERSION = YES;
				GCC_WARN_ABOUT_RETURN_TYPE = YES_ERROR;
				GCC_WARN_UNDECLARED_SELECTOR = YES;
				GCC_WARN_UNINITIALIZED_AUTOS = YES_AGGRESSIVE;
				GCC_WARN_UNUSED_FUNCTION = YES;
				GCC_WARN_UNUSED_VARIABLE = YES;
				IPHONEOS_DEPLOYMENT_TARGET = 13.6;
				MTL_ENABLE_DEBUG_INFO = NO;
				MTL_FAST_MATH = YES;
				SDKROOT = iphoneos;
				SWIFT_COMPILATION_MODE = wholemodule;
				SWIFT_OPTIMIZATION_LEVEL = "-O";
				VALIDATE_PRODUCT = YES;
			};
			name = Release;
		};
		D9ABF98424FD804100C7142C /* Debug */ = {
			isa = XCBuildConfiguration;
			baseConfigurationReference = 73F863814DBCB98B4DF21DAC /* Pods-Celf.debug.xcconfig */;
			buildSettings = {
				ASSETCATALOG_COMPILER_APPICON_NAME = AppIcon;
				CODE_SIGN_STYLE = Automatic;
				DEVELOPMENT_ASSET_PATHS = "\"Celf/Preview Content\"";
				DEVELOPMENT_TEAM = U6F9RV8537;
				ENABLE_PREVIEWS = YES;
				INFOPLIST_FILE = Celf/Info.plist;
				LD_RUNPATH_SEARCH_PATHS = (
					"$(inherited)",
					"@executable_path/Frameworks",
				);
				PRODUCT_BUNDLE_IDENTIFIER = com.pancakes.Celf;
				PRODUCT_NAME = "$(TARGET_NAME)";
				SWIFT_VERSION = 5.0;
				TARGETED_DEVICE_FAMILY = "1,2";
			};
			name = Debug;
		};
		D9ABF98524FD804100C7142C /* Release */ = {
			isa = XCBuildConfiguration;
			baseConfigurationReference = 0DF915B404DFE076177D92AA /* Pods-Celf.release.xcconfig */;
			buildSettings = {
				ASSETCATALOG_COMPILER_APPICON_NAME = AppIcon;
				CODE_SIGN_STYLE = Automatic;
				DEVELOPMENT_ASSET_PATHS = "\"Celf/Preview Content\"";
				DEVELOPMENT_TEAM = U6F9RV8537;
				ENABLE_PREVIEWS = YES;
				INFOPLIST_FILE = Celf/Info.plist;
				LD_RUNPATH_SEARCH_PATHS = (
					"$(inherited)",
					"@executable_path/Frameworks",
				);
				PRODUCT_BUNDLE_IDENTIFIER = com.pancakes.Celf;
				PRODUCT_NAME = "$(TARGET_NAME)";
				SWIFT_VERSION = 5.0;
				TARGETED_DEVICE_FAMILY = "1,2";
			};
			name = Release;
		};
/* End XCBuildConfiguration section */

/* Begin XCConfigurationList section */
		D9ABF96A24FD804000C7142C /* Build configuration list for PBXProject "Celf" */ = {
			isa = XCConfigurationList;
			buildConfigurations = (
				D9ABF98124FD804100C7142C /* Debug */,
				D9ABF98224FD804100C7142C /* Release */,
			);
			defaultConfigurationIsVisible = 0;
			defaultConfigurationName = Release;
		};
		D9ABF98324FD804100C7142C /* Build configuration list for PBXNativeTarget "Celf" */ = {
			isa = XCConfigurationList;
			buildConfigurations = (
				D9ABF98424FD804100C7142C /* Debug */,
				D9ABF98524FD804100C7142C /* Release */,
			);
			defaultConfigurationIsVisible = 0;
			defaultConfigurationName = Release;
		};
/* End XCConfigurationList section */
	};
	rootObject = D9ABF96724FD804000C7142C /* Project object */;
}
